
Microsoft Visual Studio Solution File, Format Version 12.00
# Visual Studio Version 17
VisualStudioVersion = 17.7.34018.315
MinimumVisualStudioVersion = 10.0.40219.1
Project("{FAE04EC0-301F-11D3-BF4B-00C04F79EFBC}") = "CodingTracker", "CodingTracker\CodingTracker.csproj", "{35A7BE57-DACB-4228-A0F6-75BCAEE0FB1B}"
EndProject
Global
	GlobalSection(SolutionConfigurationPlatforms) = preSolution
		Debug|Any CPU = Debug|Any CPU
		Release|Any CPU = Release|Any CPU
	EndGlobalSection
	GlobalSection(ProjectConfigurationPlatforms) = postSolution
		{35A7BE57-DACB-4228-A0F6-75BCAEE0FB1B}.Debug|Any CPU.ActiveCfg = Debug|Any CPU
		{35A7BE57-DACB-4228-A0F6-75BCAEE0FB1B}.Debug|Any CPU.Build.0 = Debug|Any CPU
		{35A7BE57-DACB-4228-A0F6-75BCAEE0FB1B}.Release|Any CPU.ActiveCfg = Release|Any CPU
		{35A7BE57-DACB-4228-A0F6-75BCAEE0FB1B}.Release|Any CPU.Build.0 = Release|Any CPU
	EndGlobalSection
	GlobalSection(SolutionProperties) = preSolution
		HideSolutionNode = FALSE
	EndGlobalSection
	GlobalSection(ExtensibilityGlobals) = postSolution
		SolutionGuid = {D69193B4-A083-4E88-AB64-8DEF927D7EAD}
	EndGlobalSection
EndGlobal
